
Microsoft Visual Studio Solution File, Format Version 12.00
# Visual Studio Version 17
VisualStudioVersion = 17.5.33516.290
MinimumVisualStudioVersion = 10.0.40219.1
Project("{FAE04EC0-301F-11D3-BF4B-00C04F79EFBC}") = "PasswordGenerator1", "PasswordGenerator1\PasswordGenerator1.csproj", "{538C6EF8-7D62-44AF-B5BC-541E831B654A}"
EndProject
Global
	GlobalSection(SolutionConfigurationPlatforms) = preSolution
		Debug|Any CPU = Debug|Any CPU
		Release|Any CPU = Release|Any CPU
	EndGlobalSection
	GlobalSection(ProjectConfigurationPlatforms) = postSolution
		{538C6EF8-7D62-44AF-B5BC-541E831B654A}.Debug|Any CPU.ActiveCfg = Debug|Any CPU
		{538C6EF8-7D62-44AF-B5BC-541E831B654A}.Debug|Any CPU.Build.0 = Debug|Any CPU
		{538C6EF8-7D62-44AF-B5BC-541E831B654A}.Release|Any CPU.ActiveCfg = Release|Any CPU
		{538C6EF8-7D62-44AF-B5BC-541E831B654A}.Release|Any CPU.Build.0 = Release|Any CPU
	EndGlobalSection
	GlobalSection(SolutionProperties) = preSolution
		HideSolutionNode = FALSE
	EndGlobalSection
	GlobalSection(ExtensibilityGlobals) = postSolution
		SolutionGuid = {C90CE85C-F893-4005-8691-5EEB9660033A}
	EndGlobalSection
EndGlobal
