
Microsoft Visual Studio Solution File, Format Version 12.00
# Visual Studio Version 17
VisualStudioVersion = 17.5.33424.131
MinimumVisualStudioVersion = 10.0.40219.1
Project("{FAE04EC0-301F-11D3-BF4B-00C04F79EFBC}") = "BasicCSharpDel1", "BasicCSharpDel1\BasicCSharpDel1.csproj", "{FF553FCC-7CA3-432F-B0F5-63109CC20730}"
EndProject
Global
	GlobalSection(SolutionConfigurationPlatforms) = preSolution
		Debug|Any CPU = Debug|Any CPU
		Release|Any CPU = Release|Any CPU
	EndGlobalSection
	GlobalSection(ProjectConfigurationPlatforms) = postSolution
		{FF553FCC-7CA3-432F-B0F5-63109CC20730}.Debug|Any CPU.ActiveCfg = Debug|Any CPU
		{FF553FCC-7CA3-432F-B0F5-63109CC20730}.Debug|Any CPU.Build.0 = Debug|Any CPU
		{FF553FCC-7CA3-432F-B0F5-63109CC20730}.Release|Any CPU.ActiveCfg = Release|Any CPU
		{FF553FCC-7CA3-432F-B0F5-63109CC20730}.Release|Any CPU.Build.0 = Release|Any CPU
	EndGlobalSection
	GlobalSection(SolutionProperties) = preSolution
		HideSolutionNode = FALSE
	EndGlobalSection
	GlobalSection(ExtensibilityGlobals) = postSolution
		SolutionGuid = {50DC4AAA-1AA7-48D3-8333-CFC1DE936D42}
	EndGlobalSection
EndGlobal
